// !$*UTF8*$!
{
	archiveVersion = 1;
	classes = {
	};
	objectVersion = 46;
	objects = {

/* Begin PBXBuildFile section */
		A513FAAF1D3C825A00C6BBAE /* PropertyTableViewController.swift in Sources */ = {isa = PBXBuildFile; fileRef = A513FAAE1D3C825A00C6BBAE /* PropertyTableViewController.swift */; };
		A54567CE1D2CA86400F44BF0 /* AppDelegate.swift in Sources */ = {isa = PBXBuildFile; fileRef = A54567CD1D2CA86400F44BF0 /* AppDelegate.swift */; };
		A54567D01D2CA86400F44BF0 /* ViewController.swift in Sources */ = {isa = PBXBuildFile; fileRef = A54567CF1D2CA86400F44BF0 /* ViewController.swift */; };
		A54567D51D2CA86400F44BF0 /* Assets.xcassets in Resources */ = {isa = PBXBuildFile; fileRef = A54567D41D2CA86400F44BF0 /* Assets.xcassets */; };
		A54567D81D2CA86400F44BF0 /* LaunchScreen.storyboard in Resources */ = {isa = PBXBuildFile; fileRef = A54567D61D2CA86400F44BF0 /* LaunchScreen.storyboard */; };
		A54567E31D2CA86500F44BF0 /* HomeArcadeTests.swift in Sources */ = {isa = PBXBuildFile; fileRef = A54567E21D2CA86500F44BF0 /* HomeArcadeTests.swift */; };
		A54567EE1D32A97500F44BF0 /* Property.swift in Sources */ = {isa = PBXBuildFile; fileRef = A54567ED1D32A97500F44BF0 /* Property.swift */; };
		A54567F01D32BC0400F44BF0 /* PurchaseLocation.swift in Sources */ = {isa = PBXBuildFile; fileRef = A54567EF1D32BC0400F44BF0 /* PurchaseLocation.swift */; };
		A54567F21D32C0EE00F44BF0 /* libsqlite3.dylib in Frameworks */ = {isa = PBXBuildFile; fileRef = A54567F11D32C0EE00F44BF0 /* libsqlite3.dylib */; };
		A54567F41D32D33100F44BF0 /* CoreLocation.framework in Frameworks */ = {isa = PBXBuildFile; fileRef = A54567F31D32D33100F44BF0 /* CoreLocation.framework */; };
		A54568001D331DE800F44BF0 /* FMDatabase.m in Sources */ = {isa = PBXBuildFile; fileRef = A54567F71D331DE800F44BF0 /* FMDatabase.m */; };
		A54568011D331DE800F44BF0 /* FMResultSet.m in Sources */ = {isa = PBXBuildFile; fileRef = A54567F91D331DE800F44BF0 /* FMResultSet.m */; };
		A54568021D331DE800F44BF0 /* FMDatabaseQueue.m in Sources */ = {isa = PBXBuildFile; fileRef = A54567FB1D331DE800F44BF0 /* FMDatabaseQueue.m */; };
		A54568031D331DE800F44BF0 /* FMDatabaseAdditions.m in Sources */ = {isa = PBXBuildFile; fileRef = A54567FD1D331DE800F44BF0 /* FMDatabaseAdditions.m */; };
		A54568041D331DE800F44BF0 /* FMDatabasePool.m in Sources */ = {isa = PBXBuildFile; fileRef = A54567FF1D331DE800F44BF0 /* FMDatabasePool.m */; };
		A54568071D331EA900F44BF0 /* PropertyDataManager.swift in Sources */ = {isa = PBXBuildFile; fileRef = A54568061D331EA900F44BF0 /* PropertyDataManager.swift */; };
		A54568091D3320C400F44BF0 /* ActionResponse.swift in Sources */ = {isa = PBXBuildFile; fileRef = A54568081D3320C400F44BF0 /* ActionResponse.swift */; };
		A597E0AB1D4C380600F2F9E9 /* CameraViewController.swift in Sources */ = {isa = PBXBuildFile; fileRef = A597E0AA1D4C380600F2F9E9 /* CameraViewController.swift */; };
		A597E0AF1D4C7E9D00F2F9E9 /* CustomNavigationAnimationController.swift in Sources */ = {isa = PBXBuildFile; fileRef = A597E0AE1D4C7E9D00F2F9E9 /* CustomNavigationAnimationController.swift */; };
		A597E0B11D4D843900F2F9E9 /* PropertyAndLocation.swift in Sources */ = {isa = PBXBuildFile; fileRef = A597E0B01D4D843900F2F9E9 /* PropertyAndLocation.swift */; };
		A597E0B31D4DDA9700F2F9E9 /* DescController.swift in Sources */ = {isa = PBXBuildFile; fileRef = A597E0B21D4DDA9700F2F9E9 /* DescController.swift */; };
		A5BE0E561D3DA94B00848517 /* PropertyTableViewCell.swift in Sources */ = {isa = PBXBuildFile; fileRef = A5BE0E541D3DA94B00848517 /* PropertyTableViewCell.swift */; };
		A5BE0E591D3DBEBF00848517 /* Reachability.swift in Sources */ = {isa = PBXBuildFile; fileRef = A5BE0E581D3DBEBF00848517 /* Reachability.swift */; };
		A5E1CB231D4997660042B0CC /* Main.storyboard in Resources */ = {isa = PBXBuildFile; fileRef = A5E1CB211D4997660042B0CC /* Main.storyboard */; };
		A5E1CB251D49A9FA0042B0CC /* DetailImageViewController.swift in Sources */ = {isa = PBXBuildFile; fileRef = A5E1CB241D49A9FA0042B0CC /* DetailImageViewController.swift */; };
		A5E1CB2B1D49B8410042B0CC /* CustomPresentViewController.swift in Sources */ = {isa = PBXBuildFile; fileRef = A5E1CB2A1D49B8410042B0CC /* CustomPresentViewController.swift */; };
		A5E1CB2D1D4AD8460042B0CC /* CustomDismissAnimationController.swift in Sources */ = {isa = PBXBuildFile; fileRef = A5E1CB2C1D4AD8460042B0CC /* CustomDismissAnimationController.swift */; };
/* End PBXBuildFile section */

/* Begin PBXContainerItemProxy section */
		A54567DF1D2CA86500F44BF0 /* PBXContainerItemProxy */ = {
			isa = PBXContainerItemProxy;
			containerPortal = A54567C21D2CA86400F44BF0 /* Project object */;
			proxyType = 1;
			remoteGlobalIDString = A54567C91D2CA86400F44BF0;
			remoteInfo = HomeArcade;
		};
/* End PBXContainerItemProxy section */

/* Begin PBXFileReference section */
		A513FAAE1D3C825A00C6BBAE /* PropertyTableViewController.swift */ = {isa = PBXFileReference; fileEncoding = 4; lastKnownFileType = sourcecode.swift; path = PropertyTableViewController.swift; sourceTree = "<group>"; };
		A54567CA1D2CA86400F44BF0 /* HomeArcade.app */ = {isa = PBXFileReference; explicitFileType = wrapper.application; includeInIndex = 0; path = HomeArcade.app; sourceTree = BUILT_PRODUCTS_DIR; };
		A54567CD1D2CA86400F44BF0 /* AppDelegate.swift */ = {isa = PBXFileReference; lastKnownFileType = sourcecode.swift; path = AppDelegate.swift; sourceTree = "<group>"; };
		A54567CF1D2CA86400F44BF0 /* ViewController.swift */ = {isa = PBXFileReference; lastKnownFileType = sourcecode.swift; path = ViewController.swift; sourceTree = "<group>"; };
		A54567D41D2CA86400F44BF0 /* Assets.xcassets */ = {isa = PBXFileReference; lastKnownFileType = folder.assetcatalog; path = Assets.xcassets; sourceTree = "<group>"; };
		A54567D71D2CA86400F44BF0 /* Base */ = {isa = PBXFileReference; lastKnownFileType = file.storyboard; name = Base; path = Base.lproj/LaunchScreen.storyboard; sourceTree = "<group>"; };
		A54567D91D2CA86400F44BF0 /* Info.plist */ = {isa = PBXFileReference; lastKnownFileType = text.plist.xml; path = Info.plist; sourceTree = "<group>"; };
		A54567DE1D2CA86500F44BF0 /* HomeArcadeTests.xctest */ = {isa = PBXFileReference; explicitFileType = wrapper.cfbundle; includeInIndex = 0; path = HomeArcadeTests.xctest; sourceTree = BUILT_PRODUCTS_DIR; };
		A54567E21D2CA86500F44BF0 /* HomeArcadeTests.swift */ = {isa = PBXFileReference; lastKnownFileType = sourcecode.swift; path = HomeArcadeTests.swift; sourceTree = "<group>"; };
		A54567E41D2CA86500F44BF0 /* Info.plist */ = {isa = PBXFileReference; lastKnownFileType = text.plist.xml; path = Info.plist; sourceTree = "<group>"; };
		A54567ED1D32A97500F44BF0 /* Property.swift */ = {isa = PBXFileReference; fileEncoding = 4; lastKnownFileType = sourcecode.swift; path = Property.swift; sourceTree = "<group>"; };
		A54567EF1D32BC0400F44BF0 /* PurchaseLocation.swift */ = {isa = PBXFileReference; fileEncoding = 4; lastKnownFileType = sourcecode.swift; path = PurchaseLocation.swift; sourceTree = "<group>"; };
		A54567F11D32C0EE00F44BF0 /* libsqlite3.dylib */ = {isa = PBXFileReference; lastKnownFileType = "compiled.mach-o.dylib"; name = libsqlite3.dylib; path = ../../../../../../usr/lib/libsqlite3.dylib; sourceTree = "<group>"; };
		A54567F31D32D33100F44BF0 /* CoreLocation.framework */ = {isa = PBXFileReference; lastKnownFileType = wrapper.framework; name = CoreLocation.framework; path = System/Library/Frameworks/CoreLocation.framework; sourceTree = SDKROOT; };
		A54567F51D331DE700F44BF0 /* HomeArcade-Bridging-Header.h */ = {isa = PBXFileReference; lastKnownFileType = sourcecode.c.h; path = "HomeArcade-Bridging-Header.h"; sourceTree = "<group>"; };
		A54567F61D331DE800F44BF0 /* FMDatabase.h */ = {isa = PBXFileReference; fileEncoding = 4; lastKnownFileType = sourcecode.c.h; name = FMDatabase.h; path = ../../../../fmdb/src/fmdb/FMDatabase.h; sourceTree = "<group>"; };
		A54567F71D331DE800F44BF0 /* FMDatabase.m */ = {isa = PBXFileReference; fileEncoding = 4; lastKnownFileType = sourcecode.c.objc; name = FMDatabase.m; path = ../../../../fmdb/src/fmdb/FMDatabase.m; sourceTree = "<group>"; };
		A54567F81D331DE800F44BF0 /* FMResultSet.h */ = {isa = PBXFileReference; fileEncoding = 4; lastKnownFileType = sourcecode.c.h; name = FMResultSet.h; path = ../../../../fmdb/src/fmdb/FMResultSet.h; sourceTree = "<group>"; };
		A54567F91D331DE800F44BF0 /* FMResultSet.m */ = {isa = PBXFileReference; fileEncoding = 4; lastKnownFileType = sourcecode.c.objc; name = FMResultSet.m; path = ../../../../fmdb/src/fmdb/FMResultSet.m; sourceTree = "<group>"; };
		A54567FA1D331DE800F44BF0 /* FMDatabaseQueue.h */ = {isa = PBXFileReference; fileEncoding = 4; lastKnownFileType = sourcecode.c.h; name = FMDatabaseQueue.h; path = ../../../../fmdb/src/fmdb/FMDatabaseQueue.h; sourceTree = "<group>"; };
		A54567FB1D331DE800F44BF0 /* FMDatabaseQueue.m */ = {isa = PBXFileReference; fileEncoding = 4; lastKnownFileType = sourcecode.c.objc; name = FMDatabaseQueue.m; path = ../../../../fmdb/src/fmdb/FMDatabaseQueue.m; sourceTree = "<group>"; };
		A54567FC1D331DE800F44BF0 /* FMDatabaseAdditions.h */ = {isa = PBXFileReference; fileEncoding = 4; lastKnownFileType = sourcecode.c.h; name = FMDatabaseAdditions.h; path = ../../../../fmdb/src/fmdb/FMDatabaseAdditions.h; sourceTree = "<group>"; };
		A54567FD1D331DE800F44BF0 /* FMDatabaseAdditions.m */ = {isa = PBXFileReference; fileEncoding = 4; lastKnownFileType = sourcecode.c.objc; name = FMDatabaseAdditions.m; path = ../../../../fmdb/src/fmdb/FMDatabaseAdditions.m; sourceTree = "<group>"; };
		A54567FE1D331DE800F44BF0 /* FMDatabasePool.h */ = {isa = PBXFileReference; fileEncoding = 4; lastKnownFileType = sourcecode.c.h; name = FMDatabasePool.h; path = ../../../../fmdb/src/fmdb/FMDatabasePool.h; sourceTree = "<group>"; };
		A54567FF1D331DE800F44BF0 /* FMDatabasePool.m */ = {isa = PBXFileReference; fileEncoding = 4; lastKnownFileType = sourcecode.c.objc; name = FMDatabasePool.m; path = ../../../../fmdb/src/fmdb/FMDatabasePool.m; sourceTree = "<group>"; };
		A54568051D331E4400F44BF0 /* FMDB.h */ = {isa = PBXFileReference; lastKnownFileType = sourcecode.c.h; name = FMDB.h; path = ../../../../fmdb/src/fmdb/FMDB.h; sourceTree = "<group>"; };
		A54568061D331EA900F44BF0 /* PropertyDataManager.swift */ = {isa = PBXFileReference; fileEncoding = 4; lastKnownFileType = sourcecode.swift; path = PropertyDataManager.swift; sourceTree = "<group>"; };
		A54568081D3320C400F44BF0 /* ActionResponse.swift */ = {isa = PBXFileReference; fileEncoding = 4; lastKnownFileType = sourcecode.swift; name = ActionResponse.swift; path = ../../FoodCritic/FoodCritic/ActionResponse.swift; sourceTree = "<group>"; };
		A597E0AA1D4C380600F2F9E9 /* CameraViewController.swift */ = {isa = PBXFileReference; fileEncoding = 4; lastKnownFileType = sourcecode.swift; path = CameraViewController.swift; sourceTree = "<group>"; };
		A597E0AE1D4C7E9D00F2F9E9 /* CustomNavigationAnimationController.swift */ = {isa = PBXFileReference; fileEncoding = 4; lastKnownFileType = sourcecode.swift; path = CustomNavigationAnimationController.swift; sourceTree = "<group>"; };
		A597E0B01D4D843900F2F9E9 /* PropertyAndLocation.swift */ = {isa = PBXFileReference; fileEncoding = 4; lastKnownFileType = sourcecode.swift; path = PropertyAndLocation.swift; sourceTree = "<group>"; };
		A597E0B21D4DDA9700F2F9E9 /* DescController.swift */ = {isa = PBXFileReference; fileEncoding = 4; lastKnownFileType = sourcecode.swift; path = DescController.swift; sourceTree = "<group>"; };
		A5BE0E541D3DA94B00848517 /* PropertyTableViewCell.swift */ = {isa = PBXFileReference; fileEncoding = 4; lastKnownFileType = sourcecode.swift; path = PropertyTableViewCell.swift; sourceTree = "<group>"; };
		A5BE0E581D3DBEBF00848517 /* Reachability.swift */ = {isa = PBXFileReference; fileEncoding = 4; lastKnownFileType = sourcecode.swift; path = Reachability.swift; sourceTree = "<group>"; };
		A5E1CB221D4997660042B0CC /* Base */ = {isa = PBXFileReference; lastKnownFileType = file.storyboard; name = Base; path = Base.lproj/Main.storyboard; sourceTree = "<group>"; };
		A5E1CB241D49A9FA0042B0CC /* DetailImageViewController.swift */ = {isa = PBXFileReference; fileEncoding = 4; lastKnownFileType = sourcecode.swift; path = DetailImageViewController.swift; sourceTree = "<group>"; };
		A5E1CB2A1D49B8410042B0CC /* CustomPresentViewController.swift */ = {isa = PBXFileReference; fileEncoding = 4; lastKnownFileType = sourcecode.swift; name = CustomPresentViewController.swift; path = ../CustomPresentViewController.swift; sourceTree = "<group>"; };
		A5E1CB2C1D4AD8460042B0CC /* CustomDismissAnimationController.swift */ = {isa = PBXFileReference; fileEncoding = 4; lastKnownFileType = sourcecode.swift; path = CustomDismissAnimationController.swift; sourceTree = "<group>"; };
/* End PBXFileReference section */

/* Begin PBXFrameworksBuildPhase section */
		A54567C71D2CA86400F44BF0 /* Frameworks */ = {
			isa = PBXFrameworksBuildPhase;
			buildActionMask = 2147483647;
			files = (
				A54567F41D32D33100F44BF0 /* CoreLocation.framework in Frameworks */,
				A54567F21D32C0EE00F44BF0 /* libsqlite3.dylib in Frameworks */,
			);
			runOnlyForDeploymentPostprocessing = 0;
		};
		A54567DB1D2CA86500F44BF0 /* Frameworks */ = {
			isa = PBXFrameworksBuildPhase;
			buildActionMask = 2147483647;
			files = (
			);
			runOnlyForDeploymentPostprocessing = 0;
		};
/* End PBXFrameworksBuildPhase section */

/* Begin PBXGroup section */
		A54567C11D2CA86400F44BF0 = {
			isa = PBXGroup;
			children = (
				A54567F31D32D33100F44BF0 /* CoreLocation.framework */,
				A54567F11D32C0EE00F44BF0 /* libsqlite3.dylib */,
				A54567CC1D2CA86400F44BF0 /* HomeArcade */,
				A54567E11D2CA86500F44BF0 /* HomeArcadeTests */,
				A54567CB1D2CA86400F44BF0 /* Products */,
			);
			sourceTree = "<group>";
		};
		A54567CB1D2CA86400F44BF0 /* Products */ = {
			isa = PBXGroup;
			children = (
				A54567CA1D2CA86400F44BF0 /* HomeArcade.app */,
				A54567DE1D2CA86500F44BF0 /* HomeArcadeTests.xctest */,
			);
			name = Products;
			sourceTree = "<group>";
		};
		A54567CC1D2CA86400F44BF0 /* HomeArcade */ = {
			isa = PBXGroup;
			children = (
				A54567CD1D2CA86400F44BF0 /* AppDelegate.swift */,
				A54567F61D331DE800F44BF0 /* FMDatabase.h */,
				A54567F71D331DE800F44BF0 /* FMDatabase.m */,
				A54567F81D331DE800F44BF0 /* FMResultSet.h */,
				A54568051D331E4400F44BF0 /* FMDB.h */,
				A54567F91D331DE800F44BF0 /* FMResultSet.m */,
				A54567FA1D331DE800F44BF0 /* FMDatabaseQueue.h */,
				A54567FB1D331DE800F44BF0 /* FMDatabaseQueue.m */,
				A54567FC1D331DE800F44BF0 /* FMDatabaseAdditions.h */,
				A54567FD1D331DE800F44BF0 /* FMDatabaseAdditions.m */,
				A5E1CB211D4997660042B0CC /* Main.storyboard */,
				A597E0B21D4DDA9700F2F9E9 /* DescController.swift */,
				A597E0AA1D4C380600F2F9E9 /* CameraViewController.swift */,
				A5E1CB2C1D4AD8460042B0CC /* CustomDismissAnimationController.swift */,
				A597E0AE1D4C7E9D00F2F9E9 /* CustomNavigationAnimationController.swift */,
				A5E1CB2A1D49B8410042B0CC /* CustomPresentViewController.swift */,
				A5E1CB241D49A9FA0042B0CC /* DetailImageViewController.swift */,
				A54568081D3320C400F44BF0 /* ActionResponse.swift */,
				A54567FE1D331DE800F44BF0 /* FMDatabasePool.h */,
				A54567FF1D331DE800F44BF0 /* FMDatabasePool.m */,
				A54567CF1D2CA86400F44BF0 /* ViewController.swift */,
				A597E0B01D4D843900F2F9E9 /* PropertyAndLocation.swift */,
				A54567EF1D32BC0400F44BF0 /* PurchaseLocation.swift */,
				A54567ED1D32A97500F44BF0 /* Property.swift */,
				A5BE0E541D3DA94B00848517 /* PropertyTableViewCell.swift */,
				A513FAAE1D3C825A00C6BBAE /* PropertyTableViewController.swift */,
				A5BE0E581D3DBEBF00848517 /* Reachability.swift */,
				A54567D41D2CA86400F44BF0 /* Assets.xcassets */,
				A54567D61D2CA86400F44BF0 /* LaunchScreen.storyboard */,
				A54567D91D2CA86400F44BF0 /* Info.plist */,
				A54567F51D331DE700F44BF0 /* HomeArcade-Bridging-Header.h */,
				A54568061D331EA900F44BF0 /* PropertyDataManager.swift */,
			);
			path = HomeArcade;
			sourceTree = "<group>";
		};
		A54567E11D2CA86500F44BF0 /* HomeArcadeTests */ = {
			isa = PBXGroup;
			children = (
				A54567E21D2CA86500F44BF0 /* HomeArcadeTests.swift */,
				A54567E41D2CA86500F44BF0 /* Info.plist */,
			);
			path = HomeArcadeTests;
			sourceTree = "<group>";
		};
/* End PBXGroup section */

/* Begin PBXNativeTarget section */
		A54567C91D2CA86400F44BF0 /* HomeArcade */ = {
			isa = PBXNativeTarget;
			buildConfigurationList = A54567E71D2CA86500F44BF0 /* Build configuration list for PBXNativeTarget "HomeArcade" */;
			buildPhases = (
				A54567C61D2CA86400F44BF0 /* Sources */,
				A54567C71D2CA86400F44BF0 /* Frameworks */,
				A54567C81D2CA86400F44BF0 /* Resources */,
			);
			buildRules = (
			);
			dependencies = (
			);
			name = HomeArcade;
			productName = HomeArcade;
			productReference = A54567CA1D2CA86400F44BF0 /* HomeArcade.app */;
			productType = "com.apple.product-type.application";
		};
		A54567DD1D2CA86500F44BF0 /* HomeArcadeTests */ = {
			isa = PBXNativeTarget;
			buildConfigurationList = A54567EA1D2CA86500F44BF0 /* Build configuration list for PBXNativeTarget "HomeArcadeTests" */;
			buildPhases = (
				A54567DA1D2CA86500F44BF0 /* Sources */,
				A54567DB1D2CA86500F44BF0 /* Frameworks */,
				A54567DC1D2CA86500F44BF0 /* Resources */,
			);
			buildRules = (
			);
			dependencies = (
				A54567E01D2CA86500F44BF0 /* PBXTargetDependency */,
			);
			name = HomeArcadeTests;
			productName = HomeArcadeTests;
			productReference = A54567DE1D2CA86500F44BF0 /* HomeArcadeTests.xctest */;
			productType = "com.apple.product-type.bundle.unit-test";
		};
/* End PBXNativeTarget section */

/* Begin PBXProject section */
		A54567C21D2CA86400F44BF0 /* Project object */ = {
			isa = PBXProject;
			attributes = {
				LastSwiftUpdateCheck = 0730;
				LastUpgradeCheck = 0730;
				ORGANIZATIONNAME = "Suvojit Dutta";
				TargetAttributes = {
					A54567C91D2CA86400F44BF0 = {
						CreatedOnToolsVersion = 7.3;
						DevelopmentTeam = CUE77LG7JD;
					};
					A54567DD1D2CA86500F44BF0 = {
						CreatedOnToolsVersion = 7.3;
						DevelopmentTeam = CUE77LG7JD;
						TestTargetID = A54567C91D2CA86400F44BF0;
					};
				};
			};
			buildConfigurationList = A54567C51D2CA86400F44BF0 /* Build configuration list for PBXProject "HomeArcade" */;
			compatibilityVersion = "Xcode 3.2";
			developmentRegion = English;
			hasScannedForEncodings = 0;
			knownRegions = (
				en,
				Base,
			);
			mainGroup = A54567C11D2CA86400F44BF0;
			productRefGroup = A54567CB1D2CA86400F44BF0 /* Products */;
			projectDirPath = "";
			projectRoot = "";
			targets = (
				A54567C91D2CA86400F44BF0 /* HomeArcade */,
				A54567DD1D2CA86500F44BF0 /* HomeArcadeTests */,
			);
		};
/* End PBXProject section */

/* Begin PBXResourcesBuildPhase section */
		A54567C81D2CA86400F44BF0 /* Resources */ = {
			isa = PBXResourcesBuildPhase;
			buildActionMask = 2147483647;
			files = (
				A5E1CB231D4997660042B0CC /* Main.storyboard in Resources */,
				A54567D81D2CA86400F44BF0 /* LaunchScreen.storyboard in Resources */,
				A54567D51D2CA86400F44BF0 /* Assets.xcassets in Resources */,
			);
			runOnlyForDeploymentPostprocessing = 0;
		};
		A54567DC1D2CA86500F44BF0 /* Resources */ = {
			isa = PBXResourcesBuildPhase;
			buildActionMask = 2147483647;
			files = (
			);
			runOnlyForDeploymentPostprocessing = 0;
		};
/* End PBXResourcesBuildPhase section */

/* Begin PBXSourcesBuildPhase section */
		A54567C61D2CA86400F44BF0 /* Sources */ = {
			isa = PBXSourcesBuildPhase;
			buildActionMask = 2147483647;
			files = (
				A5BE0E591D3DBEBF00848517 /* Reachability.swift in Sources */,
				A54568011D331DE800F44BF0 /* FMResultSet.m in Sources */,
				A54567EE1D32A97500F44BF0 /* Property.swift in Sources */,
				A5BE0E561D3DA94B00848517 /* PropertyTableViewCell.swift in Sources */,
				A54567F01D32BC0400F44BF0 /* PurchaseLocation.swift in Sources */,
				A5E1CB2B1D49B8410042B0CC /* CustomPresentViewController.swift in Sources */,
				A54568021D331DE800F44BF0 /* FMDatabaseQueue.m in Sources */,
				A54568041D331DE800F44BF0 /* FMDatabasePool.m in Sources */,
				A54567D01D2CA86400F44BF0 /* ViewController.swift in Sources */,
				A597E0B11D4D843900F2F9E9 /* PropertyAndLocation.swift in Sources */,
				A54568001D331DE800F44BF0 /* FMDatabase.m in Sources */,
				A5E1CB251D49A9FA0042B0CC /* DetailImageViewController.swift in Sources */,
				A54568091D3320C400F44BF0 /* ActionResponse.swift in Sources */,
				A5E1CB2D1D4AD8460042B0CC /* CustomDismissAnimationController.swift in Sources */,
				A513FAAF1D3C825A00C6BBAE /* PropertyTableViewController.swift in Sources */,
				A54567CE1D2CA86400F44BF0 /* AppDelegate.swift in Sources */,
				A54568071D331EA900F44BF0 /* PropertyDataManager.swift in Sources */,
				A597E0B31D4DDA9700F2F9E9 /* DescController.swift in Sources */,
				A597E0AF1D4C7E9D00F2F9E9 /* CustomNavigationAnimationController.swift in Sources */,
				A54568031D331DE800F44BF0 /* FMDatabaseAdditions.m in Sources */,
				A597E0AB1D4C380600F2F9E9 /* CameraViewController.swift in Sources */,
			);
			runOnlyForDeploymentPostprocessing = 0;
		};
		A54567DA1D2CA86500F44BF0 /* Sources */ = {
			isa = PBXSourcesBuildPhase;
			buildActionMask = 2147483647;
			files = (
				A54567E31D2CA86500F44BF0 /* HomeArcadeTests.swift in Sources */,
			);
			runOnlyForDeploymentPostprocessing = 0;
		};
/* End PBXSourcesBuildPhase section */

/* Begin PBXTargetDependency section */
		A54567E01D2CA86500F44BF0 /* PBXTargetDependency */ = {
			isa = PBXTargetDependency;
			target = A54567C91D2CA86400F44BF0 /* HomeArcade */;
			targetProxy = A54567DF1D2CA86500F44BF0 /* PBXContainerItemProxy */;
		};
/* End PBXTargetDependency section */

/* Begin PBXVariantGroup section */
		A54567D61D2CA86400F44BF0 /* LaunchScreen.storyboard */ = {
			isa = PBXVariantGroup;
			children = (
				A54567D71D2CA86400F44BF0 /* Base */,
			);
			name = LaunchScreen.storyboard;
			sourceTree = "<group>";
		};
		A5E1CB211D4997660042B0CC /* Main.storyboard */ = {
			isa = PBXVariantGroup;
			children = (
				A5E1CB221D4997660042B0CC /* Base */,
			);
			name = Main.storyboard;
			sourceTree = "<group>";
		};
/* End PBXVariantGroup section */

/* Begin XCBuildConfiguration section */
		A54567E51D2CA86500F44BF0 /* Debug */ = {
			isa = XCBuildConfiguration;
			buildSettings = {
				ALWAYS_SEARCH_USER_PATHS = NO;
				CLANG_ANALYZER_NONNULL = YES;
				CLANG_CXX_LANGUAGE_STANDARD = "gnu++0x";
				CLANG_CXX_LIBRARY = "libc++";
				CLANG_ENABLE_MODULES = YES;
				CLANG_ENABLE_OBJC_ARC = YES;
				CLANG_WARN_BOOL_CONVERSION = YES;
				CLANG_WARN_CONSTANT_CONVERSION = YES;
				CLANG_WARN_DIRECT_OBJC_ISA_USAGE = YES_ERROR;
				CLANG_WARN_EMPTY_BODY = YES;
				CLANG_WARN_ENUM_CONVERSION = YES;
				CLANG_WARN_INT_CONVERSION = YES;
				CLANG_WARN_OBJC_ROOT_CLASS = YES_ERROR;
				CLANG_WARN_UNREACHABLE_CODE = YES;
				CLANG_WARN__DUPLICATE_METHOD_MATCH = YES;
				"CODE_SIGN_IDENTITY[sdk=iphoneos*]" = "iPhone Developer";
				COPY_PHASE_STRIP = NO;
				DEBUG_INFORMATION_FORMAT = dwarf;
				ENABLE_STRICT_OBJC_MSGSEND = YES;
				ENABLE_TESTABILITY = YES;
				GCC_C_LANGUAGE_STANDARD = gnu99;
				GCC_DYNAMIC_NO_PIC = NO;
				GCC_NO_COMMON_BLOCKS = YES;
				GCC_OPTIMIZATION_LEVEL = 0;
				GCC_PREPROCESSOR_DEFINITIONS = (
					"DEBUG=1",
					"$(inherited)",
				);
				GCC_WARN_64_TO_32_BIT_CONVERSION = YES;
				GCC_WARN_ABOUT_RETURN_TYPE = YES_ERROR;
				GCC_WARN_UNDECLARED_SELECTOR = YES;
				GCC_WARN_UNINITIALIZED_AUTOS = YES_AGGRESSIVE;
				GCC_WARN_UNUSED_FUNCTION = YES;
				GCC_WARN_UNUSED_VARIABLE = YES;
				IPHONEOS_DEPLOYMENT_TARGET = 9.3;
				MTL_ENABLE_DEBUG_INFO = YES;
				ONLY_ACTIVE_ARCH = YES;
				SDKROOT = iphoneos;
				SWIFT_OPTIMIZATION_LEVEL = "-Onone";
			};
			name = Debug;
		};
		A54567E61D2CA86500F44BF0 /* Release */ = {
			isa = XCBuildConfiguration;
			buildSettings = {
				ALWAYS_SEARCH_USER_PATHS = NO;
				CLANG_ANALYZER_NONNULL = YES;
				CLANG_CXX_LANGUAGE_STANDARD = "gnu++0x";
				CLANG_CXX_LIBRARY = "libc++";
				CLANG_ENABLE_MODULES = YES;
				CLANG_ENABLE_OBJC_ARC = YES;
				CLANG_WARN_BOOL_CONVERSION = YES;
				CLANG_WARN_CONSTANT_CONVERSION = YES;
				CLANG_WARN_DIRECT_OBJC_ISA_USAGE = YES_ERROR;
				CLANG_WARN_EMPTY_BODY = YES;
				CLANG_WARN_ENUM_CONVERSION = YES;
				CLANG_WARN_INT_CONVERSION = YES;
				CLANG_WARN_OBJC_ROOT_CLASS = YES_ERROR;
				CLANG_WARN_UNREACHABLE_CODE = YES;
				CLANG_WARN__DUPLICATE_METHOD_MATCH = YES;
				"CODE_SIGN_IDENTITY[sdk=iphoneos*]" = "iPhone Developer";
				COPY_PHASE_STRIP = NO;
				DEBUG_INFORMATION_FORMAT = "dwarf-with-dsym";
				ENABLE_NS_ASSERTIONS = NO;
				ENABLE_STRICT_OBJC_MSGSEND = YES;
				GCC_C_LANGUAGE_STANDARD = gnu99;
				GCC_NO_COMMON_BLOCKS = YES;
				GCC_WARN_64_TO_32_BIT_CONVERSION = YES;
				GCC_WARN_ABOUT_RETURN_TYPE = YES_ERROR;
				GCC_WARN_UNDECLARED_SELECTOR = YES;
				GCC_WARN_UNINITIALIZED_AUTOS = YES_AGGRESSIVE;
				GCC_WARN_UNUSED_FUNCTION = YES;
				GCC_WARN_UNUSED_VARIABLE = YES;
				IPHONEOS_DEPLOYMENT_TARGET = 9.3;
				MTL_ENABLE_DEBUG_INFO = NO;
				SDKROOT = iphoneos;
				VALIDATE_PRODUCT = YES;
			};
			name = Release;
		};
		A54567E81D2CA86500F44BF0 /* Debug */ = {
			isa = XCBuildConfiguration;
			buildSettings = {
				ASSETCATALOG_COMPILER_APPICON_NAME = AppIcon;
				CLANG_ENABLE_MODULES = YES;
				CODE_SIGN_IDENTITY = "iPhone Developer";
				INFOPLIST_FILE = HomeArcade/Info.plist;
				LD_RUNPATH_SEARCH_PATHS = "$(inherited) @executable_path/Frameworks";
				PRODUCT_BUNDLE_IDENTIFIER = com.example.HomeArcade;
				PRODUCT_NAME = "$(TARGET_NAME)";
				SWIFT_OBJC_BRIDGING_HEADER = "HomeArcade/HomeArcade-Bridging-Header.h";
				SWIFT_OPTIMIZATION_LEVEL = "-Onone";
			};
			name = Debug;
		};
		A54567E91D2CA86500F44BF0 /* Release */ = {
			isa = XCBuildConfiguration;
			buildSettings = {
				ASSETCATALOG_COMPILER_APPICON_NAME = AppIcon;
				CLANG_ENABLE_MODULES = YES;
				CODE_SIGN_IDENTITY = "iPhone Developer";
				INFOPLIST_FILE = HomeArcade/Info.plist;
				LD_RUNPATH_SEARCH_PATHS = "$(inherited) @executable_path/Frameworks";
				PRODUCT_BUNDLE_IDENTIFIER = com.example.HomeArcade;
				PRODUCT_NAME = "$(TARGET_NAME)";
				SWIFT_OBJC_BRIDGING_HEADER = "HomeArcade/HomeArcade-Bridging-Header.h";
			};
			name = Release;
		};
		A54567EB1D2CA86500F44BF0 /* Debug */ = {
			isa = XCBuildConfiguration;
			buildSettings = {
				BUNDLE_LOADER = "$(TEST_HOST)";
				INFOPLIST_FILE = HomeArcadeTests/Info.plist;
				LD_RUNPATH_SEARCH_PATHS = "$(inherited) @executable_path/Frameworks @loader_path/Frameworks";
				PRODUCT_BUNDLE_IDENTIFIER = com.example.HomeArcadeTests;
				PRODUCT_NAME = "$(TARGET_NAME)";
				TEST_HOST = "$(BUILT_PRODUCTS_DIR)/HomeArcade.app/HomeArcade";
			};
			name = Debug;
		};
		A54567EC1D2CA86500F44BF0 /* Release */ = {
			isa = XCBuildConfiguration;
			buildSettings = {
				BUNDLE_LOADER = "$(TEST_HOST)";
				INFOPLIST_FILE = HomeArcadeTests/Info.plist;
				LD_RUNPATH_SEARCH_PATHS = "$(inherited) @executable_path/Frameworks @loader_path/Frameworks";
				PRODUCT_BUNDLE_IDENTIFIER = com.example.HomeArcadeTests;
				PRODUCT_NAME = "$(TARGET_NAME)";
				TEST_HOST = "$(BUILT_PRODUCTS_DIR)/HomeArcade.app/HomeArcade";
			};
			name = Release;
		};
/* End XCBuildConfiguration section */

/* Begin XCConfigurationList section */
		A54567C51D2CA86400F44BF0 /* Build configuration list for PBXProject "HomeArcade" */ = {
			isa = XCConfigurationList;
			buildConfigurations = (
				A54567E51D2CA86500F44BF0 /* Debug */,
				A54567E61D2CA86500F44BF0 /* Release */,
			);
			defaultConfigurationIsVisible = 0;
			defaultConfigurationName = Release;
		};
		A54567E71D2CA86500F44BF0 /* Build configuration list for PBXNativeTarget "HomeArcade" */ = {
			isa = XCConfigurationList;
			buildConfigurations = (
				A54567E81D2CA86500F44BF0 /* Debug */,
				A54567E91D2CA86500F44BF0 /* Release */,
			);
			defaultConfigurationIsVisible = 0;
			defaultConfigurationName = Release;
		};
		A54567EA1D2CA86500F44BF0 /* Build configuration list for PBXNativeTarget "HomeArcadeTests" */ = {
			isa = XCConfigurationList;
			buildConfigurations = (
				A54567EB1D2CA86500F44BF0 /* Debug */,
				A54567EC1D2CA86500F44BF0 /* Release */,
			);
			defaultConfigurationIsVisible = 0;
			defaultConfigurationName = Release;
		};
/* End XCConfigurationList section */
	};
	rootObject = A54567C21D2CA86400F44BF0 /* Project object */;
}
